
Microsoft Visual Studio Solution File, Format Version 12.00
# Visual Studio Version 17
VisualStudioVersion = 17.11.35312.102
MinimumVisualStudioVersion = 10.0.40219.1
Project("{8BC9CEB8-8B4A-11D0-8D11-00A0C91BC942}") = "Project1", "Project1\Project1.vcxproj", "{213D7DE0-E27D-43B3-8453-C9D43C1FD0FF}"
EndProject
Project("{8BC9CEB8-8B4A-11D0-8D11-00A0C91BC942}") = "Project2", "Project2\Project2.vcxproj", "{70460B71-5F92-4AB1-B61A-6F9DAE088D28}"
EndProject
Project("{8BC9CEB8-8B4A-11D0-8D11-00A0C91BC942}") = "Project3", "Project3\Project3.vcxproj", "{04D987BA-CD76-45F8-9F1A-9FAC388DA7AE}"
EndProject
Project("{8BC9CEB8-8B4A-11D0-8D11-00A0C91BC942}") = "Project4", "Project4\Project4.vcxproj", "{C06950B6-B877-4FA7-A444-E636315E26CD}"
EndProject
Project("{8BC9CEB8-8B4A-11D0-8D11-00A0C91BC942}") = "Project5", "Project5\Project5.vcxproj", "{47AA0A36-EF9A-4B5D-B752-0968B87C014E}"
EndProject
Project("{8BC9CEB8-8B4A-11D0-8D11-00A0C91BC942}") = "Project6", "Project6\Project6.vcxproj", "{2B8BB0AA-942E-42D5-AA9C-BA68E8B3DC3C}"
EndProject
Project("{8BC9CEB8-8B4A-11D0-8D11-00A0C91BC942}") = "Project7", "Project7\Project7.vcxproj", "{FC03B73B-9878-4B6B-BAE6-995C533E4624}"
EndProject
Project("{8BC9CEB8-8B4A-11D0-8D11-00A0C91BC942}") = "Project8", "Project8\Project8.vcxproj", "{D076CBCF-EC01-4474-8729-EE4AE9CE0E6F}"
EndProject
Project("{8BC9CEB8-8B4A-11D0-8D11-00A0C91BC942}") = "Project9", "Project9\Project9.vcxproj", "{C3A1B9C8-E8A2-4C4C-ABB1-0918B7EED55B}"
EndProject
Project("{8BC9CEB8-8B4A-11D0-8D11-00A0C91BC942}") = "Project10", "Project10\Project10.vcxproj", "{D0A7E326-5144-4A23-9405-E77F2D67E61B}"
EndProject
Project("{8BC9CEB8-8B4A-11D0-8D11-00A0C91BC942}") = "Project11", "Project11\Project11.vcxproj", "{9F46BB56-C8CB-4BAF-BE4F-17348864A503}"
EndProject
Project("{8BC9CEB8-8B4A-11D0-8D11-00A0C91BC942}") = "Project12", "Project12\Project12.vcxproj", "{8C765BB7-99F4-43AE-96C3-53817C3A209C}"
EndProject
Global
	GlobalSection(SolutionConfigurationPlatforms) = preSolution
		Debug|x64 = Debug|x64
		Debug|x86 = Debug|x86
		Release|x64 = Release|x64
		Release|x86 = Release|x86
	EndGlobalSection
	GlobalSection(ProjectConfigurationPlatforms) = postSolution
		{213D7DE0-E27D-43B3-8453-C9D43C1FD0FF}.Debug|x64.ActiveCfg = Debug|x64
		{213D7DE0-E27D-43B3-8453-C9D43C1FD0FF}.Debug|x64.Build.0 = Debug|x64
		{213D7DE0-E27D-43B3-8453-C9D43C1FD0FF}.Debug|x86.ActiveCfg = Debug|Win32
		{213D7DE0-E27D-43B3-8453-C9D43C1FD0FF}.Debug|x86.Build.0 = Debug|Win32
		{213D7DE0-E27D-43B3-8453-C9D43C1FD0FF}.Release|x64.ActiveCfg = Release|x64
		{213D7DE0-E27D-43B3-8453-C9D43C1FD0FF}.Release|x64.Build.0 = Release|x64
		{213D7DE0-E27D-43B3-8453-C9D43C1FD0FF}.Release|x86.ActiveCfg = Release|Win32
		{213D7DE0-E27D-43B3-8453-C9D43C1FD0FF}.Release|x86.Build.0 = Release|Win32
		{70460B71-5F92-4AB1-B61A-6F9DAE088D28}.Debug|x64.ActiveCfg = Debug|x64
		{70460B71-5F92-4AB1-B61A-6F9DAE088D28}.Debug|x64.Build.0 = Debug|x64
		{70460B71-5F92-4AB1-B61A-6F9DAE088D28}.Debug|x86.ActiveCfg = Debug|Win32
		{70460B71-5F92-4AB1-B61A-6F9DAE088D28}.Debug|x86.Build.0 = Debug|Win32
		{70460B71-5F92-4AB1-B61A-6F9DAE088D28}.Release|x64.ActiveCfg = Release|x64
		{70460B71-5F92-4AB1-B61A-6F9DAE088D28}.Release|x64.Build.0 = Release|x64
		{70460B71-5F92-4AB1-B61A-6F9DAE088D28}.Release|x86.ActiveCfg = Release|Win32
		{70460B71-5F92-4AB1-B61A-6F9DAE088D28}.Release|x86.Build.0 = Release|Win32
		{04D987BA-CD76-45F8-9F1A-9FAC388DA7AE}.Debug|x64.ActiveCfg = Debug|x64
		{04D987BA-CD76-45F8-9F1A-9FAC388DA7AE}.Debug|x64.Build.0 = Debug|x64
		{04D987BA-CD76-45F8-9F1A-9FAC388DA7AE}.Debug|x86.ActiveCfg = Debug|Win32
		{04D987BA-CD76-45F8-9F1A-9FAC388DA7AE}.Debug|x86.Build.0 = Debug|Win32
		{04D987BA-CD76-45F8-9F1A-9FAC388DA7AE}.Release|x64.ActiveCfg = Release|x64
		{04D987BA-CD76-45F8-9F1A-9FAC388DA7AE}.Release|x64.Build.0 = Release|x64
		{04D987BA-CD76-45F8-9F1A-9FAC388DA7AE}.Release|x86.ActiveCfg = Release|Win32
		{04D987BA-CD76-45F8-9F1A-9FAC388DA7AE}.Release|x86.Build.0 = Release|Win32
		{C06950B6-B877-4FA7-A444-E636315E26CD}.Debug|x64.ActiveCfg = Debug|x64
		{C06950B6-B877-4FA7-A444-E636315E26CD}.Debug|x64.Build.0 = Debug|x64
		{C06950B6-B877-4FA7-A444-E636315E26CD}.Debug|x86.ActiveCfg = Debug|Win32
		{C06950B6-B877-4FA7-A444-E636315E26CD}.Debug|x86.Build.0 = Debug|Win32
		{C06950B6-B877-4FA7-A444-E636315E26CD}.Release|x64.ActiveCfg = Release|x64
		{C06950B6-B877-4FA7-A444-E636315E26CD}.Release|x64.Build.0 = Release|x64
		{C06950B6-B877-4FA7-A444-E636315E26CD}.Release|x86.ActiveCfg = Release|Win32
		{C06950B6-B877-4FA7-A444-E636315E26CD}.Release|x86.Build.0 = Release|Win32
		{47AA0A36-EF9A-4B5D-B752-0968B87C014E}.Debug|x64.ActiveCfg = Debug|x64
		{47AA0A36-EF9A-4B5D-B752-0968B87C014E}.Debug|x64.Build.0 = Debug|x64
		{47AA0A36-EF9A-4B5D-B752-0968B87C014E}.Debug|x86.ActiveCfg = Debug|Win32
		{47AA0A36-EF9A-4B5D-B752-0968B87C014E}.Debug|x86.Build.0 = Debug|Win32
		{47AA0A36-EF9A-4B5D-B752-0968B87C014E}.Release|x64.ActiveCfg = Release|x64
		{47AA0A36-EF9A-4B5D-B752-0968B87C014E}.Release|x64.Build.0 = Release|x64
		{47AA0A36-EF9A-4B5D-B752-0968B87C014E}.Release|x86.ActiveCfg = Release|Win32
		{47AA0A36-EF9A-4B5D-B752-0968B87C014E}.Release|x86.Build.0 = Release|Win32
		{2B8BB0AA-942E-42D5-AA9C-BA68E8B3DC3C}.Debug|x64.ActiveCfg = Debug|x64
		{2B8BB0AA-942E-42D5-AA9C-BA68E8B3DC3C}.Debug|x64.Build.0 = Debug|x64
		{2B8BB0AA-942E-42D5-AA9C-BA68E8B3DC3C}.Debug|x86.ActiveCfg = Debug|Win32
		{2B8BB0AA-942E-42D5-AA9C-BA68E8B3DC3C}.Debug|x86.Build.0 = Debug|Win32
		{2B8BB0AA-942E-42D5-AA9C-BA68E8B3DC3C}.Release|x64.ActiveCfg = Release|x64
		{2B8BB0AA-942E-42D5-AA9C-BA68E8B3DC3C}.Release|x64.Build.0 = Release|x64
		{2B8BB0AA-942E-42D5-AA9C-BA68E8B3DC3C}.Release|x86.ActiveCfg = Release|Win32
		{2B8BB0AA-942E-42D5-AA9C-BA68E8B3DC3C}.Release|x86.Build.0 = Release|Win32
		{FC03B73B-9878-4B6B-BAE6-995C533E4624}.Debug|x64.ActiveCfg = Debug|x64
		{FC03B73B-9878-4B6B-BAE6-995C533E4624}.Debug|x64.Build.0 = Debug|x64
		{FC03B73B-9878-4B6B-BAE6-995C533E4624}.Debug|x86.ActiveCfg = Debug|Win32
		{FC03B73B-9878-4B6B-BAE6-995C533E4624}.Debug|x86.Build.0 = Debug|Win32
		{FC03B73B-9878-4B6B-BAE6-995C533E4624}.Release|x64.ActiveCfg = Release|x64
		{FC03B73B-9878-4B6B-BAE6-995C533E4624}.Release|x64.Build.0 = Release|x64
		{FC03B73B-9878-4B6B-BAE6-995C533E4624}.Release|x86.ActiveCfg = Release|Win32
		{FC03B73B-9878-4B6B-BAE6-995C533E4624}.Release|x86.Build.0 = Release|Win32
		{D076CBCF-EC01-4474-8729-EE4AE9CE0E6F}.Debug|x64.ActiveCfg = Debug|x64
		{D076CBCF-EC01-4474-8729-EE4AE9CE0E6F}.Debug|x64.Build.0 = Debug|x64
		{D076CBCF-EC01-4474-8729-EE4AE9CE0E6F}.Debug|x86.ActiveCfg = Debug|Win32
		{D076CBCF-EC01-4474-8729-EE4AE9CE0E6F}.Debug|x86.Build.0 = Debug|Win32
		{D076CBCF-EC01-4474-8729-EE4AE9CE0E6F}.Release|x64.ActiveCfg = Release|x64
		{D076CBCF-EC01-4474-8729-EE4AE9CE0E6F}.Release|x64.Build.0 = Release|x64
		{D076CBCF-EC01-4474-8729-EE4AE9CE0E6F}.Release|x86.ActiveCfg = Release|Win32
		{D076CBCF-EC01-4474-8729-EE4AE9CE0E6F}.Release|x86.Build.0 = Release|Win32
		{C3A1B9C8-E8A2-4C4C-ABB1-0918B7EED55B}.Debug|x64.ActiveCfg = Debug|x64
		{C3A1B9C8-E8A2-4C4C-ABB1-0918B7EED55B}.Debug|x64.Build.0 = Debug|x64
		{C3A1B9C8-E8A2-4C4C-ABB1-0918B7EED55B}.Debug|x86.ActiveCfg = Debug|Win32
		{C3A1B9C8-E8A2-4C4C-ABB1-0918B7EED55B}.Debug|x86.Build.0 = Debug|Win32
		{C3A1B9C8-E8A2-4C4C-ABB1-0918B7EED55B}.Release|x64.ActiveCfg = Release|x64
		{C3A1B9C8-E8A2-4C4C-ABB1-0918B7EED55B}.Release|x64.Build.0 = Release|x64
		{C3A1B9C8-E8A2-4C4C-ABB1-0918B7EED55B}.Release|x86.ActiveCfg = Release|Win32
		{C3A1B9C8-E8A2-4C4C-ABB1-0918B7EED55B}.Release|x86.Build.0 = Release|Win32
		{D0A7E326-5144-4A23-9405-E77F2D67E61B}.Debug|x64.ActiveCfg = Debug|x64
		{D0A7E326-5144-4A23-9405-E77F2D67E61B}.Debug|x64.Build.0 = Debug|x64
		{D0A7E326-5144-4A23-9405-E77F2D67E61B}.Debug|x86.ActiveCfg = Debug|Win32
		{D0A7E326-5144-4A23-9405-E77F2D67E61B}.Debug|x86.Build.0 = Debug|Win32
		{D0A7E326-5144-4A23-9405-E77F2D67E61B}.Release|x64.ActiveCfg = Release|x64
		{D0A7E326-5144-4A23-9405-E77F2D67E61B}.Release|x64.Build.0 = Release|x64
		{D0A7E326-5144-4A23-9405-E77F2D67E61B}.Release|x86.ActiveCfg = Release|Win32
		{D0A7E326-5144-4A23-9405-E77F2D67E61B}.Release|x86.Build.0 = Release|Win32
		{9F46BB56-C8CB-4BAF-BE4F-17348864A503}.Debug|x64.ActiveCfg = Debug|x64
		{9F46BB56-C8CB-4BAF-BE4F-17348864A503}.Debug|x64.Build.0 = Debug|x64
		{9F46BB56-C8CB-4BAF-BE4F-17348864A503}.Debug|x86.ActiveCfg = Debug|Win32
		{9F46BB56-C8CB-4BAF-BE4F-17348864A503}.Debug|x86.Build.0 = Debug|Win32
		{9F46BB56-C8CB-4BAF-BE4F-17348864A503}.Release|x64.ActiveCfg = Release|x64
		{9F46BB56-C8CB-4BAF-BE4F-17348864A503}.Release|x64.Build.0 = Release|x64
		{9F46BB56-C8CB-4BAF-BE4F-17348864A503}.Release|x86.ActiveCfg = Release|Win32
		{9F46BB56-C8CB-4BAF-BE4F-17348864A503}.Release|x86.Build.0 = Release|Win32
		{8C765BB7-99F4-43AE-96C3-53817C3A209C}.Debug|x64.ActiveCfg = Debug|x64
		{8C765BB7-99F4-43AE-96C3-53817C3A209C}.Debug|x64.Build.0 = Debug|x64
		{8C765BB7-99F4-43AE-96C3-53817C3A209C}.Debug|x86.ActiveCfg = Debug|Win32
		{8C765BB7-99F4-43AE-96C3-53817C3A209C}.Debug|x86.Build.0 = Debug|Win32
		{8C765BB7-99F4-43AE-96C3-53817C3A209C}.Release|x64.ActiveCfg = Release|x64
		{8C765BB7-99F4-43AE-96C3-53817C3A209C}.Release|x64.Build.0 = Release|x64
		{8C765BB7-99F4-43AE-96C3-53817C3A209C}.Release|x86.ActiveCfg = Release|Win32
		{8C765BB7-99F4-43AE-96C3-53817C3A209C}.Release|x86.Build.0 = Release|Win32
	EndGlobalSection
	GlobalSection(SolutionProperties) = preSolution
		HideSolutionNode = FALSE
	EndGlobalSection
	GlobalSection(ExtensibilityGlobals) = postSolution
		SolutionGuid = {9D5E4EFA-DB07-47BB-B8AC-1C12566C7D0E}
	EndGlobalSection
EndGlobal
