
Microsoft Visual Studio Solution File, Format Version 12.00
# Visual Studio Version 17
VisualStudioVersion = 17.11.35312.102
MinimumVisualStudioVersion = 10.0.40219.1
Project("{8BC9CEB8-8B4A-11D0-8D11-00A0C91BC942}") = "Project1", "Project1\Project1.vcxproj", "{7A4F67EA-2DBA-49A4-AE9E-F4A9A3CFAF25}"
EndProject
Project("{8BC9CEB8-8B4A-11D0-8D11-00A0C91BC942}") = "Project8", "Project8\Project8.vcxproj", "{A94A341E-C788-4D5F-B0FF-763077DD9CB3}"
EndProject
Project("{8BC9CEB8-8B4A-11D0-8D11-00A0C91BC942}") = "Project2", "Project2\Project2.vcxproj", "{1958748E-8D0C-4747-B6EC-43B8EBE3088F}"
EndProject
Project("{8BC9CEB8-8B4A-11D0-8D11-00A0C91BC942}") = "Project3", "Project3\Project3.vcxproj", "{F90C952A-65EE-41E6-B8EC-75C03F14287E}"
EndProject
Project("{8BC9CEB8-8B4A-11D0-8D11-00A0C91BC942}") = "Project2.0", "Project2.0\Project2.0.vcxproj", "{72D38F94-9E99-4A22-9A84-6535AD267906}"
EndProject
Project("{8BC9CEB8-8B4A-11D0-8D11-00A0C91BC942}") = "Project7", "Project7\Project7.vcxproj", "{B9DA0F4E-A802-4771-A78A-38110C6FDA8A}"
EndProject
Global
	GlobalSection(SolutionConfigurationPlatforms) = preSolution
		Debug|x64 = Debug|x64
		Debug|x86 = Debug|x86
		Release|x64 = Release|x64
		Release|x86 = Release|x86
	EndGlobalSection
	GlobalSection(ProjectConfigurationPlatforms) = postSolution
		{7A4F67EA-2DBA-49A4-AE9E-F4A9A3CFAF25}.Debug|x64.ActiveCfg = Debug|x64
		{7A4F67EA-2DBA-49A4-AE9E-F4A9A3CFAF25}.Debug|x64.Build.0 = Debug|x64
		{7A4F67EA-2DBA-49A4-AE9E-F4A9A3CFAF25}.Debug|x86.ActiveCfg = Debug|Win32
		{7A4F67EA-2DBA-49A4-AE9E-F4A9A3CFAF25}.Debug|x86.Build.0 = Debug|Win32
		{7A4F67EA-2DBA-49A4-AE9E-F4A9A3CFAF25}.Release|x64.ActiveCfg = Release|x64
		{7A4F67EA-2DBA-49A4-AE9E-F4A9A3CFAF25}.Release|x64.Build.0 = Release|x64
		{7A4F67EA-2DBA-49A4-AE9E-F4A9A3CFAF25}.Release|x86.ActiveCfg = Release|Win32
		{7A4F67EA-2DBA-49A4-AE9E-F4A9A3CFAF25}.Release|x86.Build.0 = Release|Win32
		{A94A341E-C788-4D5F-B0FF-763077DD9CB3}.Debug|x64.ActiveCfg = Debug|x64
		{A94A341E-C788-4D5F-B0FF-763077DD9CB3}.Debug|x64.Build.0 = Debug|x64
		{A94A341E-C788-4D5F-B0FF-763077DD9CB3}.Debug|x86.ActiveCfg = Debug|Win32
		{A94A341E-C788-4D5F-B0FF-763077DD9CB3}.Debug|x86.Build.0 = Debug|Win32
		{A94A341E-C788-4D5F-B0FF-763077DD9CB3}.Release|x64.ActiveCfg = Release|x64
		{A94A341E-C788-4D5F-B0FF-763077DD9CB3}.Release|x64.Build.0 = Release|x64
		{A94A341E-C788-4D5F-B0FF-763077DD9CB3}.Release|x86.ActiveCfg = Release|Win32
		{A94A341E-C788-4D5F-B0FF-763077DD9CB3}.Release|x86.Build.0 = Release|Win32
		{1958748E-8D0C-4747-B6EC-43B8EBE3088F}.Debug|x64.ActiveCfg = Debug|x64
		{1958748E-8D0C-4747-B6EC-43B8EBE3088F}.Debug|x64.Build.0 = Debug|x64
		{1958748E-8D0C-4747-B6EC-43B8EBE3088F}.Debug|x86.ActiveCfg = Debug|Win32
		{1958748E-8D0C-4747-B6EC-43B8EBE3088F}.Debug|x86.Build.0 = Debug|Win32
		{1958748E-8D0C-4747-B6EC-43B8EBE3088F}.Release|x64.ActiveCfg = Release|x64
		{1958748E-8D0C-4747-B6EC-43B8EBE3088F}.Release|x64.Build.0 = Release|x64
		{1958748E-8D0C-4747-B6EC-43B8EBE3088F}.Release|x86.ActiveCfg = Release|Win32
		{1958748E-8D0C-4747-B6EC-43B8EBE3088F}.Release|x86.Build.0 = Release|Win32
		{F90C952A-65EE-41E6-B8EC-75C03F14287E}.Debug|x64.ActiveCfg = Debug|x64
		{F90C952A-65EE-41E6-B8EC-75C03F14287E}.Debug|x64.Build.0 = Debug|x64
		{F90C952A-65EE-41E6-B8EC-75C03F14287E}.Debug|x86.ActiveCfg = Debug|Win32
		{F90C952A-65EE-41E6-B8EC-75C03F14287E}.Debug|x86.Build.0 = Debug|Win32
		{F90C952A-65EE-41E6-B8EC-75C03F14287E}.Release|x64.ActiveCfg = Release|x64
		{F90C952A-65EE-41E6-B8EC-75C03F14287E}.Release|x64.Build.0 = Release|x64
		{F90C952A-65EE-41E6-B8EC-75C03F14287E}.Release|x86.ActiveCfg = Release|Win32
		{F90C952A-65EE-41E6-B8EC-75C03F14287E}.Release|x86.Build.0 = Release|Win32
		{72D38F94-9E99-4A22-9A84-6535AD267906}.Debug|x64.ActiveCfg = Debug|x64
		{72D38F94-9E99-4A22-9A84-6535AD267906}.Debug|x64.Build.0 = Debug|x64
		{72D38F94-9E99-4A22-9A84-6535AD267906}.Debug|x86.ActiveCfg = Debug|Win32
		{72D38F94-9E99-4A22-9A84-6535AD267906}.Debug|x86.Build.0 = Debug|Win32
		{72D38F94-9E99-4A22-9A84-6535AD267906}.Release|x64.ActiveCfg = Release|x64
		{72D38F94-9E99-4A22-9A84-6535AD267906}.Release|x64.Build.0 = Release|x64
		{72D38F94-9E99-4A22-9A84-6535AD267906}.Release|x86.ActiveCfg = Release|Win32
		{72D38F94-9E99-4A22-9A84-6535AD267906}.Release|x86.Build.0 = Release|Win32
		{B9DA0F4E-A802-4771-A78A-38110C6FDA8A}.Debug|x64.ActiveCfg = Debug|x64
		{B9DA0F4E-A802-4771-A78A-38110C6FDA8A}.Debug|x64.Build.0 = Debug|x64
		{B9DA0F4E-A802-4771-A78A-38110C6FDA8A}.Debug|x86.ActiveCfg = Debug|Win32
		{B9DA0F4E-A802-4771-A78A-38110C6FDA8A}.Debug|x86.Build.0 = Debug|Win32
		{B9DA0F4E-A802-4771-A78A-38110C6FDA8A}.Release|x64.ActiveCfg = Release|x64
		{B9DA0F4E-A802-4771-A78A-38110C6FDA8A}.Release|x64.Build.0 = Release|x64
		{B9DA0F4E-A802-4771-A78A-38110C6FDA8A}.Release|x86.ActiveCfg = Release|Win32
		{B9DA0F4E-A802-4771-A78A-38110C6FDA8A}.Release|x86.Build.0 = Release|Win32
	EndGlobalSection
	GlobalSection(SolutionProperties) = preSolution
		HideSolutionNode = FALSE
	EndGlobalSection
	GlobalSection(ExtensibilityGlobals) = postSolution
		SolutionGuid = {6F1B86DD-78A2-4913-AD04-6247F96D5D3B}
	EndGlobalSection
EndGlobal
